
Microsoft Visual Studio Solution File, Format Version 12.00
# Visual Studio 15
VisualStudioVersion = 15.0.27703.2000
MinimumVisualStudioVersion = 10.0.40219.1
Project("{FAE04EC0-301F-11D3-BF4B-00C04F79EFBC}") = "template-ins", "template-ins\template-ins.csproj", "{1F7C4BD1-A8DC-4074-93F4-E204C44DEAFD}"
EndProject
Global
	GlobalSection(SolutionConfigurationPlatforms) = preSolution
		Debug|Any CPU = Debug|Any CPU
		Release|Any CPU = Release|Any CPU
	EndGlobalSection
	GlobalSection(ProjectConfigurationPlatforms) = postSolution
		{1F7C4BD1-A8DC-4074-93F4-E204C44DEAFD}.Debug|Any CPU.ActiveCfg = Debug|Any CPU
		{1F7C4BD1-A8DC-4074-93F4-E204C44DEAFD}.Debug|Any CPU.Build.0 = Debug|Any CPU
		{1F7C4BD1-A8DC-4074-93F4-E204C44DEAFD}.Release|Any CPU.ActiveCfg = Release|Any CPU
		{1F7C4BD1-A8DC-4074-93F4-E204C44DEAFD}.Release|Any CPU.Build.0 = Release|Any CPU
	EndGlobalSection
	GlobalSection(SolutionProperties) = preSolution
		HideSolutionNode = FALSE
	EndGlobalSection
	GlobalSection(ExtensibilityGlobals) = postSolution
		SolutionGuid = {A7A14BBF-5CB3-4D3F-9C0B-AD8534B8CAD8}
	EndGlobalSection
EndGlobal
